
Microsoft Visual Studio Solution File, Format Version 12.00
Project("{FAE04EC0-301F-11D3-BF4B-00C04F79EFBC}") = "GridTest", "GridTest\GridTest.csproj", "{3771F02D-BC51-4D22-91D5-3954197A8839}"
EndProject
Project("{2150E333-8FDC-42A3-9474-1A3956D46DE8}") = "src", "src", "{827E0CD3-B72D-47B6-A68D-7590B98EB39B}"
EndProject
Project("{FAE04EC0-301F-11D3-BF4B-00C04F79EFBC}") = "GridTest.Domain", "src\GridTest.Domain\GridTest.Domain.csproj", "{E777A49D-A705-4EFE-BE2B-B9CD665DB318}"
EndProject
Project("{FAE04EC0-301F-11D3-BF4B-00C04F79EFBC}") = "GridTest.ViewModels", "src\GridTest.ViewModels\GridTest.ViewModels.csproj", "{C8914355-8FF2-4F8E-88B3-27934DA8EA0C}"
EndProject
Project("{FAE04EC0-301F-11D3-BF4B-00C04F79EFBC}") = "GridTest.Infrastructure", "src\GridTest.Infrastructure\GridTest.Infrastructure.csproj", "{73248562-34E1-4DA2-9B99-F81072584D62}"
EndProject
Project("{FAE04EC0-301F-11D3-BF4B-00C04F79EFBC}") = "GridTest.Infrastructure.Repositories", "src\GridTest.Infrastructure.Repositories\GridTest.Infrastructure.Repositories.csproj", "{4A4562B3-2232-4F29-BA92-9AD1228CE828}"
EndProject
Project("{2150E333-8FDC-42A3-9474-1A3956D46DE8}") = "tests", "tests", "{0AB3BF05-4346-4AA6-1389-037BE0695223}"
EndProject
Project("{FAE04EC0-301F-11D3-BF4B-00C04F79EFBC}") = "GridTest.Domain.UnitTests", "tests\GridTest.Domain.UnitTests\GridTest.Domain.UnitTests.csproj", "{0321D77B-3BBE-4354-902E-759CB3DE554B}"
EndProject
Project("{FAE04EC0-301F-11D3-BF4B-00C04F79EFBC}") = "GridTest.ViewModels.UnitTests", "tests\GridTest.ViewModels.UnitTests\GridTest.ViewModels.UnitTests.csproj", "{4BB4628B-1326-4EA9-8A6F-54C843D84AC4}"
EndProject
Project("{FAE04EC0-301F-11D3-BF4B-00C04F79EFBC}") = "GridTest.Infrastructure.UnitTests", "tests\GridTest.Infrastructure.UnitTests\GridTest.Infrastructure.UnitTests.csproj", "{1DB0CD74-DA2E-49FD-B814-A2E3D2F298EE}"
EndProject
Project("{FAE04EC0-301F-11D3-BF4B-00C04F79EFBC}") = "GridTest.Infrastructure.Repositories.UnitTests", "tests\GridTest.Infrastructure.Repositories.UnitTests\GridTest.Infrastructure.Repositories.UnitTests.csproj", "{02251FA5-1AC5-4DB3-BD39-0C670D53E751}"
EndProject
Global
	GlobalSection(SolutionConfigurationPlatforms) = preSolution
		Debug|Any CPU = Debug|Any CPU
		Debug|x64 = Debug|x64
		Debug|x86 = Debug|x86
		Release|Any CPU = Release|Any CPU
		Release|x64 = Release|x64
		Release|x86 = Release|x86
	EndGlobalSection
	GlobalSection(ProjectConfigurationPlatforms) = postSolution
		{3771F02D-BC51-4D22-91D5-3954197A8839}.Debug|Any CPU.ActiveCfg = Debug|Any CPU
		{3771F02D-BC51-4D22-91D5-3954197A8839}.Debug|Any CPU.Build.0 = Debug|Any CPU
		{3771F02D-BC51-4D22-91D5-3954197A8839}.Debug|x64.ActiveCfg = Debug|Any CPU
		{3771F02D-BC51-4D22-91D5-3954197A8839}.Debug|x64.Build.0 = Debug|Any CPU
		{3771F02D-BC51-4D22-91D5-3954197A8839}.Debug|x86.ActiveCfg = Debug|Any CPU
		{3771F02D-BC51-4D22-91D5-3954197A8839}.Debug|x86.Build.0 = Debug|Any CPU
		{3771F02D-BC51-4D22-91D5-3954197A8839}.Release|Any CPU.ActiveCfg = Release|Any CPU
		{3771F02D-BC51-4D22-91D5-3954197A8839}.Release|Any CPU.Build.0 = Release|Any CPU
		{3771F02D-BC51-4D22-91D5-3954197A8839}.Release|x64.ActiveCfg = Release|Any CPU
		{3771F02D-BC51-4D22-91D5-3954197A8839}.Release|x64.Build.0 = Release|Any CPU
		{3771F02D-BC51-4D22-91D5-3954197A8839}.Release|x86.ActiveCfg = Release|Any CPU
		{3771F02D-BC51-4D22-91D5-3954197A8839}.Release|x86.Build.0 = Release|Any CPU
		{E777A49D-A705-4EFE-BE2B-B9CD665DB318}.Debug|Any CPU.ActiveCfg = Debug|Any CPU
		{E777A49D-A705-4EFE-BE2B-B9CD665DB318}.Debug|Any CPU.Build.0 = Debug|Any CPU
		{E777A49D-A705-4EFE-BE2B-B9CD665DB318}.Debug|x64.ActiveCfg = Debug|Any CPU
		{E777A49D-A705-4EFE-BE2B-B9CD665DB318}.Debug|x64.Build.0 = Debug|Any CPU
		{E777A49D-A705-4EFE-BE2B-B9CD665DB318}.Debug|x86.ActiveCfg = Debug|Any CPU
		{E777A49D-A705-4EFE-BE2B-B9CD665DB318}.Debug|x86.Build.0 = Debug|Any CPU
		{E777A49D-A705-4EFE-BE2B-B9CD665DB318}.Release|Any CPU.ActiveCfg = Release|Any CPU
		{E777A49D-A705-4EFE-BE2B-B9CD665DB318}.Release|Any CPU.Build.0 = Release|Any CPU
		{E777A49D-A705-4EFE-BE2B-B9CD665DB318}.Release|x64.ActiveCfg = Release|Any CPU
		{E777A49D-A705-4EFE-BE2B-B9CD665DB318}.Release|x64.Build.0 = Release|Any CPU
		{E777A49D-A705-4EFE-BE2B-B9CD665DB318}.Release|x86.ActiveCfg = Release|Any CPU
		{E777A49D-A705-4EFE-BE2B-B9CD665DB318}.Release|x86.Build.0 = Release|Any CPU
		{C8914355-8FF2-4F8E-88B3-27934DA8EA0C}.Debug|Any CPU.ActiveCfg = Debug|Any CPU
		{C8914355-8FF2-4F8E-88B3-27934DA8EA0C}.Debug|Any CPU.Build.0 = Debug|Any CPU
		{C8914355-8FF2-4F8E-88B3-27934DA8EA0C}.Debug|x64.ActiveCfg = Debug|Any CPU
		{C8914355-8FF2-4F8E-88B3-27934DA8EA0C}.Debug|x64.Build.0 = Debug|Any CPU
		{C8914355-8FF2-4F8E-88B3-27934DA8EA0C}.Debug|x86.ActiveCfg = Debug|Any CPU
		{C8914355-8FF2-4F8E-88B3-27934DA8EA0C}.Debug|x86.Build.0 = Debug|Any CPU
		{C8914355-8FF2-4F8E-88B3-27934DA8EA0C}.Release|Any CPU.ActiveCfg = Release|Any CPU
		{C8914355-8FF2-4F8E-88B3-27934DA8EA0C}.Release|Any CPU.Build.0 = Release|Any CPU
		{C8914355-8FF2-4F8E-88B3-27934DA8EA0C}.Release|x64.ActiveCfg = Release|Any CPU
		{C8914355-8FF2-4F8E-88B3-27934DA8EA0C}.Release|x64.Build.0 = Release|Any CPU
		{C8914355-8FF2-4F8E-88B3-27934DA8EA0C}.Release|x86.ActiveCfg = Release|Any CPU
		{C8914355-8FF2-4F8E-88B3-27934DA8EA0C}.Release|x86.Build.0 = Release|Any CPU
		{73248562-34E1-4DA2-9B99-F81072584D62}.Debug|Any CPU.ActiveCfg = Debug|Any CPU
		{73248562-34E1-4DA2-9B99-F81072584D62}.Debug|Any CPU.Build.0 = Debug|Any CPU
		{73248562-34E1-4DA2-9B99-F81072584D62}.Debug|x64.ActiveCfg = Debug|Any CPU
		{73248562-34E1-4DA2-9B99-F81072584D62}.Debug|x64.Build.0 = Debug|Any CPU
		{73248562-34E1-4DA2-9B99-F81072584D62}.Debug|x86.ActiveCfg = Debug|Any CPU
		{73248562-34E1-4DA2-9B99-F81072584D62}.Debug|x86.Build.0 = Debug|Any CPU
		{73248562-34E1-4DA2-9B99-F81072584D62}.Release|Any CPU.ActiveCfg = Release|Any CPU
		{73248562-34E1-4DA2-9B99-F81072584D62}.Release|Any CPU.Build.0 = Release|Any CPU
		{73248562-34E1-4DA2-9B99-F81072584D62}.Release|x64.ActiveCfg = Release|Any CPU
		{73248562-34E1-4DA2-9B99-F81072584D62}.Release|x64.Build.0 = Release|Any CPU
		{73248562-34E1-4DA2-9B99-F81072584D62}.Release|x86.ActiveCfg = Release|Any CPU
		{73248562-34E1-4DA2-9B99-F81072584D62}.Release|x86.Build.0 = Release|Any CPU
		{4A4562B3-2232-4F29-BA92-9AD1228CE828}.Debug|Any CPU.ActiveCfg = Debug|Any CPU
		{4A4562B3-2232-4F29-BA92-9AD1228CE828}.Debug|Any CPU.Build.0 = Debug|Any CPU
		{4A4562B3-2232-4F29-BA92-9AD1228CE828}.Debug|x64.ActiveCfg = Debug|Any CPU
		{4A4562B3-2232-4F29-BA92-9AD1228CE828}.Debug|x64.Build.0 = Debug|Any CPU
		{4A4562B3-2232-4F29-BA92-9AD1228CE828}.Debug|x86.ActiveCfg = Debug|Any CPU
		{4A4562B3-2232-4F29-BA92-9AD1228CE828}.Debug|x86.Build.0 = Debug|Any CPU
		{4A4562B3-2232-4F29-BA92-9AD1228CE828}.Release|Any CPU.ActiveCfg = Release|Any CPU
		{4A4562B3-2232-4F29-BA92-9AD1228CE828}.Release|Any CPU.Build.0 = Release|Any CPU
		{4A4562B3-2232-4F29-BA92-9AD1228CE828}.Release|x64.ActiveCfg = Release|Any CPU
		{4A4562B3-2232-4F29-BA92-9AD1228CE828}.Release|x64.Build.0 = Release|Any CPU
		{4A4562B3-2232-4F29-BA92-9AD1228CE828}.Release|x86.ActiveCfg = Release|Any CPU
		{4A4562B3-2232-4F29-BA92-9AD1228CE828}.Release|x86.Build.0 = Release|Any CPU
		{0321D77B-3BBE-4354-902E-759CB3DE554B}.Debug|Any CPU.ActiveCfg = Debug|Any CPU
		{0321D77B-3BBE-4354-902E-759CB3DE554B}.Debug|Any CPU.Build.0 = Debug|Any CPU
		{0321D77B-3BBE-4354-902E-759CB3DE554B}.Debug|x64.ActiveCfg = Debug|Any CPU
		{0321D77B-3BBE-4354-902E-759CB3DE554B}.Debug|x64.Build.0 = Debug|Any CPU
		{0321D77B-3BBE-4354-902E-759CB3DE554B}.Debug|x86.ActiveCfg = Debug|Any CPU
		{0321D77B-3BBE-4354-902E-759CB3DE554B}.Debug|x86.Build.0 = Debug|Any CPU
		{0321D77B-3BBE-4354-902E-759CB3DE554B}.Release|Any CPU.ActiveCfg = Release|Any CPU
		{0321D77B-3BBE-4354-902E-759CB3DE554B}.Release|Any CPU.Build.0 = Release|Any CPU
		{0321D77B-3BBE-4354-902E-759CB3DE554B}.Release|x64.ActiveCfg = Release|Any CPU
		{0321D77B-3BBE-4354-902E-759CB3DE554B}.Release|x64.Build.0 = Release|Any CPU
		{0321D77B-3BBE-4354-902E-759CB3DE554B}.Release|x86.ActiveCfg = Release|Any CPU
		{0321D77B-3BBE-4354-902E-759CB3DE554B}.Release|x86.Build.0 = Release|Any CPU
		{4BB4628B-1326-4EA9-8A6F-54C843D84AC4}.Debug|Any CPU.ActiveCfg = Debug|Any CPU
		{4BB4628B-1326-4EA9-8A6F-54C843D84AC4}.Debug|Any CPU.Build.0 = Debug|Any CPU
		{4BB4628B-1326-4EA9-8A6F-54C843D84AC4}.Debug|x64.ActiveCfg = Debug|Any CPU
		{4BB4628B-1326-4EA9-8A6F-54C843D84AC4}.Debug|x64.Build.0 = Debug|Any CPU
		{4BB4628B-1326-4EA9-8A6F-54C843D84AC4}.Debug|x86.ActiveCfg = Debug|Any CPU
		{4BB4628B-1326-4EA9-8A6F-54C843D84AC4}.Debug|x86.Build.0 = Debug|Any CPU
		{4BB4628B-1326-4EA9-8A6F-54C843D84AC4}.Release|Any CPU.ActiveCfg = Release|Any CPU
		{4BB4628B-1326-4EA9-8A6F-54C843D84AC4}.Release|Any CPU.Build.0 = Release|Any CPU
		{4BB4628B-1326-4EA9-8A6F-54C843D84AC4}.Release|x64.ActiveCfg = Release|Any CPU
		{4BB4628B-1326-4EA9-8A6F-54C843D84AC4}.Release|x64.Build.0 = Release|Any CPU
		{4BB4628B-1326-4EA9-8A6F-54C843D84AC4}.Release|x86.ActiveCfg = Release|Any CPU
		{4BB4628B-1326-4EA9-8A6F-54C843D84AC4}.Release|x86.Build.0 = Release|Any CPU
		{1DB0CD74-DA2E-49FD-B814-A2E3D2F298EE}.Debug|Any CPU.ActiveCfg = Debug|Any CPU
		{1DB0CD74-DA2E-49FD-B814-A2E3D2F298EE}.Debug|Any CPU.Build.0 = Debug|Any CPU
		{1DB0CD74-DA2E-49FD-B814-A2E3D2F298EE}.Debug|x64.ActiveCfg = Debug|Any CPU
		{1DB0CD74-DA2E-49FD-B814-A2E3D2F298EE}.Debug|x64.Build.0 = Debug|Any CPU
		{1DB0CD74-DA2E-49FD-B814-A2E3D2F298EE}.Debug|x86.ActiveCfg = Debug|Any CPU
		{1DB0CD74-DA2E-49FD-B814-A2E3D2F298EE}.Debug|x86.Build.0 = Debug|Any CPU
		{1DB0CD74-DA2E-49FD-B814-A2E3D2F298EE}.Release|Any CPU.ActiveCfg = Release|Any CPU
		{1DB0CD74-DA2E-49FD-B814-A2E3D2F298EE}.Release|Any CPU.Build.0 = Release|Any CPU
		{1DB0CD74-DA2E-49FD-B814-A2E3D2F298EE}.Release|x64.ActiveCfg = Release|Any CPU
		{1DB0CD74-DA2E-49FD-B814-A2E3D2F298EE}.Release|x64.Build.0 = Release|Any CPU
		{1DB0CD74-DA2E-49FD-B814-A2E3D2F298EE}.Release|x86.ActiveCfg = Release|Any CPU
		{1DB0CD74-DA2E-49FD-B814-A2E3D2F298EE}.Release|x86.Build.0 = Release|Any CPU
		{02251FA5-1AC5-4DB3-BD39-0C670D53E751}.Debug|Any CPU.ActiveCfg = Debug|Any CPU
		{02251FA5-1AC5-4DB3-BD39-0C670D53E751}.Debug|Any CPU.Build.0 = Debug|Any CPU
		{02251FA5-1AC5-4DB3-BD39-0C670D53E751}.Debug|x64.ActiveCfg = Debug|Any CPU
		{02251FA5-1AC5-4DB3-BD39-0C670D53E751}.Debug|x64.Build.0 = Debug|Any CPU
		{02251FA5-1AC5-4DB3-BD39-0C670D53E751}.Debug|x86.ActiveCfg = Debug|Any CPU
		{02251FA5-1AC5-4DB3-BD39-0C670D53E751}.Debug|x86.Build.0 = Debug|Any CPU
		{02251FA5-1AC5-4DB3-BD39-0C670D53E751}.Release|Any CPU.ActiveCfg = Release|Any CPU
		{02251FA5-1AC5-4DB3-BD39-0C670D53E751}.Release|Any CPU.Build.0 = Release|Any CPU
		{02251FA5-1AC5-4DB3-BD39-0C670D53E751}.Release|x64.ActiveCfg = Release|Any CPU
		{02251FA5-1AC5-4DB3-BD39-0C670D53E751}.Release|x64.Build.0 = Release|Any CPU
		{02251FA5-1AC5-4DB3-BD39-0C670D53E751}.Release|x86.ActiveCfg = Release|Any CPU
		{02251FA5-1AC5-4DB3-BD39-0C670D53E751}.Release|x86.Build.0 = Release|Any CPU
	EndGlobalSection
	GlobalSection(SolutionProperties) = preSolution
		HideSolutionNode = FALSE
	EndGlobalSection
	GlobalSection(NestedProjects) = preSolution
		{E777A49D-A705-4EFE-BE2B-B9CD665DB318} = {827E0CD3-B72D-47B6-A68D-7590B98EB39B}
		{C8914355-8FF2-4F8E-88B3-27934DA8EA0C} = {827E0CD3-B72D-47B6-A68D-7590B98EB39B}
		{73248562-34E1-4DA2-9B99-F81072584D62} = {827E0CD3-B72D-47B6-A68D-7590B98EB39B}
		{4A4562B3-2232-4F29-BA92-9AD1228CE828} = {827E0CD3-B72D-47B6-A68D-7590B98EB39B}
		{0321D77B-3BBE-4354-902E-759CB3DE554B} = {0AB3BF05-4346-4AA6-1389-037BE0695223}
		{4BB4628B-1326-4EA9-8A6F-54C843D84AC4} = {0AB3BF05-4346-4AA6-1389-037BE0695223}
		{1DB0CD74-DA2E-49FD-B814-A2E3D2F298EE} = {0AB3BF05-4346-4AA6-1389-037BE0695223}
		{02251FA5-1AC5-4DB3-BD39-0C670D53E751} = {0AB3BF05-4346-4AA6-1389-037BE0695223}
	EndGlobalSection
EndGlobal
